// !$*UTF8*$!
{
	archiveVersion = 1;
	classes = {
	};
	objectVersion = 46;
	objects = {

/* Begin PBXBuildFile section */
		CFF4A47817B9F007007B6B30 /* UIKit.framework in Frameworks */ = {isa = PBXBuildFile; fileRef = CFF4A47717B9F007007B6B30 /* UIKit.framework */; };
		CFF4A47A17B9F007007B6B30 /* Foundation.framework in Frameworks */ = {isa = PBXBuildFile; fileRef = CFF4A47917B9F007007B6B30 /* Foundation.framework */; };
		CFF4A47C17B9F007007B6B30 /* CoreGraphics.framework in Frameworks */ = {isa = PBXBuildFile; fileRef = CFF4A47B17B9F007007B6B30 /* CoreGraphics.framework */; };
		CFF4A48217B9F007007B6B30 /* InfoPlist.strings in Resources */ = {isa = PBXBuildFile; fileRef = CFF4A48017B9F007007B6B30 /* InfoPlist.strings */; };
		CFF4A48417B9F007007B6B30 /* main.m in Sources */ = {isa = PBXBuildFile; fileRef = CFF4A48317B9F007007B6B30 /* main.m */; };
		CFF4A48817B9F007007B6B30 /* PDCAppDelegate.m in Sources */ = {isa = PBXBuildFile; fileRef = CFF4A48717B9F007007B6B30 /* PDCAppDelegate.m */; };
		CFF4A48A17B9F007007B6B30 /* Default.png in Resources */ = {isa = PBXBuildFile; fileRef = CFF4A48917B9F007007B6B30 /* Default.png */; };
		CFF4A48C17B9F007007B6B30 /* Default@2x.png in Resources */ = {isa = PBXBuildFile; fileRef = CFF4A48B17B9F007007B6B30 /* Default@2x.png */; };
		CFF4A48E17B9F007007B6B30 /* Default-568h@2x.png in Resources */ = {isa = PBXBuildFile; fileRef = CFF4A48D17B9F007007B6B30 /* Default-568h@2x.png */; };
		CFF4A49117B9F007007B6B30 /* MainStoryboard.storyboard in Resources */ = {isa = PBXBuildFile; fileRef = CFF4A48F17B9F007007B6B30 /* MainStoryboard.storyboard */; };
		CFF4A49C17B9F1B8007B6B30 /* CoreDataTableViewController.m in Sources */ = {isa = PBXBuildFile; fileRef = CFF4A49B17B9F1B8007B6B30 /* CoreDataTableViewController.m */; };
		CFF4A4A217B9F205007B6B30 /* FlickrFetcher.m in Sources */ = {isa = PBXBuildFile; fileRef = CFF4A4A117B9F205007B6B30 /* FlickrFetcher.m */; };
		CFF4A4A617B9F352007B6B30 /* CoreFlickr.xcdatamodeld in Sources */ = {isa = PBXBuildFile; fileRef = CFF4A4A417B9F352007B6B30 /* CoreFlickr.xcdatamodeld */; };
		CFF4A4B217B9F50C007B6B30 /* Photographer.m in Sources */ = {isa = PBXBuildFile; fileRef = CFF4A4B117B9F50C007B6B30 /* Photographer.m */; };
		CFF4A4B517B9F50D007B6B30 /* Photo.m in Sources */ = {isa = PBXBuildFile; fileRef = CFF4A4B417B9F50D007B6B30 /* Photo.m */; };
		CFF4A4BA17B9F560007B6B30 /* Photo+Flickr.m in Sources */ = {isa = PBXBuildFile; fileRef = CFF4A4B717B9F55F007B6B30 /* Photo+Flickr.m */; };
		CFF4A4BB17B9F560007B6B30 /* Photographer+Create.m in Sources */ = {isa = PBXBuildFile; fileRef = CFF4A4B917B9F560007B6B30 /* Photographer+Create.m */; };
		CFF4A4BE17B9F5F6007B6B30 /* PhotographerCDTVC.m in Sources */ = {isa = PBXBuildFile; fileRef = CFF4A4BD17B9F5F6007B6B30 /* PhotographerCDTVC.m */; };
		CFF4A4C017B9F676007B6B30 /* CoreData.framework in Frameworks */ = {isa = PBXBuildFile; fileRef = CFF4A4BF17B9F676007B6B30 /* CoreData.framework */; };
		CFF4A4C317BA098B007B6B30 /* PhotosCDTVC.m in Sources */ = {isa = PBXBuildFile; fileRef = CFF4A4C217BA098B007B6B30 /* PhotosCDTVC.m */; };
/* End PBXBuildFile section */

/* Begin PBXFileReference section */
		CFF4A47417B9F007007B6B30 /* CoreFlickr.app */ = {isa = PBXFileReference; explicitFileType = wrapper.application; includeInIndex = 0; path = CoreFlickr.app; sourceTree = BUILT_PRODUCTS_DIR; };
		CFF4A47717B9F007007B6B30 /* UIKit.framework */ = {isa = PBXFileReference; lastKnownFileType = wrapper.framework; name = UIKit.framework; path = System/Library/Frameworks/UIKit.framework; sourceTree = SDKROOT; };
		CFF4A47917B9F007007B6B30 /* Foundation.framework */ = {isa = PBXFileReference; lastKnownFileType = wrapper.framework; name = Foundation.framework; path = System/Library/Frameworks/Foundation.framework; sourceTree = SDKROOT; };
		CFF4A47B17B9F007007B6B30 /* CoreGraphics.framework */ = {isa = PBXFileReference; lastKnownFileType = wrapper.framework; name = CoreGraphics.framework; path = System/Library/Frameworks/CoreGraphics.framework; sourceTree = SDKROOT; };
		CFF4A47F17B9F007007B6B30 /* CoreFlickr-Info.plist */ = {isa = PBXFileReference; lastKnownFileType = text.plist.xml; path = "CoreFlickr-Info.plist"; sourceTree = "<group>"; };
		CFF4A48117B9F007007B6B30 /* en */ = {isa = PBXFileReference; lastKnownFileType = text.plist.strings; name = en; path = en.lproj/InfoPlist.strings; sourceTree = "<group>"; };
		CFF4A48317B9F007007B6B30 /* main.m */ = {isa = PBXFileReference; lastKnownFileType = sourcecode.c.objc; path = main.m; sourceTree = "<group>"; };
		CFF4A48517B9F007007B6B30 /* CoreFlickr-Prefix.pch */ = {isa = PBXFileReference; lastKnownFileType = sourcecode.c.h; path = "CoreFlickr-Prefix.pch"; sourceTree = "<group>"; };
		CFF4A48617B9F007007B6B30 /* PDCAppDelegate.h */ = {isa = PBXFileReference; lastKnownFileType = sourcecode.c.h; path = PDCAppDelegate.h; sourceTree = "<group>"; };
		CFF4A48717B9F007007B6B30 /* PDCAppDelegate.m */ = {isa = PBXFileReference; lastKnownFileType = sourcecode.c.objc; path = PDCAppDelegate.m; sourceTree = "<group>"; };
		CFF4A48917B9F007007B6B30 /* Default.png */ = {isa = PBXFileReference; lastKnownFileType = image.png; path = Default.png; sourceTree = "<group>"; };
		CFF4A48B17B9F007007B6B30 /* Default@2x.png */ = {isa = PBXFileReference; lastKnownFileType = image.png; path = "Default@2x.png"; sourceTree = "<group>"; };
		CFF4A48D17B9F007007B6B30 /* Default-568h@2x.png */ = {isa = PBXFileReference; lastKnownFileType = image.png; path = "Default-568h@2x.png"; sourceTree = "<group>"; };
		CFF4A49017B9F007007B6B30 /* en */ = {isa = PBXFileReference; lastKnownFileType = file.storyboard; name = en; path = en.lproj/MainStoryboard.storyboard; sourceTree = "<group>"; };
		CFF4A49A17B9F1B8007B6B30 /* CoreDataTableViewController.h */ = {isa = PBXFileReference; fileEncoding = 4; lastKnownFileType = sourcecode.c.h; path = CoreDataTableViewController.h; sourceTree = "<group>"; };
		CFF4A49B17B9F1B8007B6B30 /* CoreDataTableViewController.m */ = {isa = PBXFileReference; fileEncoding = 4; lastKnownFileType = sourcecode.c.objc; path = CoreDataTableViewController.m; sourceTree = "<group>"; };
		CFF4A49E17B9F205007B6B30 /* FlickrAPIKey_copyme_after_entering_key.h */ = {isa = PBXFileReference; fileEncoding = 4; lastKnownFileType = sourcecode.c.h; path = FlickrAPIKey_copyme_after_entering_key.h; sourceTree = "<group>"; };
		CFF4A49F17B9F205007B6B30 /* FlickrAPIKey.h */ = {isa = PBXFileReference; fileEncoding = 4; lastKnownFileType = sourcecode.c.h; path = FlickrAPIKey.h; sourceTree = "<group>"; };
		CFF4A4A017B9F205007B6B30 /* FlickrFetcher.h */ = {isa = PBXFileReference; fileEncoding = 4; lastKnownFileType = sourcecode.c.h; path = FlickrFetcher.h; sourceTree = "<group>"; };
		CFF4A4A117B9F205007B6B30 /* FlickrFetcher.m */ = {isa = PBXFileReference; fileEncoding = 4; lastKnownFileType = sourcecode.c.objc; path = FlickrFetcher.m; sourceTree = "<group>"; };
		CFF4A4A517B9F352007B6B30 /* CoreFlickr.xcdatamodel */ = {isa = PBXFileReference; lastKnownFileType = wrapper.xcdatamodel; path = CoreFlickr.xcdatamodel; sourceTree = "<group>"; };
		CFF4A4B017B9F50C007B6B30 /* Photographer.h */ = {isa = PBXFileReference; fileEncoding = 4; lastKnownFileType = sourcecode.c.h; path = Photographer.h; sourceTree = "<group>"; };
		CFF4A4B117B9F50C007B6B30 /* Photographer.m */ = {isa = PBXFileReference; fileEncoding = 4; lastKnownFileType = sourcecode.c.objc; path = Photographer.m; sourceTree = "<group>"; };
		CFF4A4B317B9F50D007B6B30 /* Photo.h */ = {isa = PBXFileReference; fileEncoding = 4; lastKnownFileType = sourcecode.c.h; path = Photo.h; sourceTree = "<group>"; };
		CFF4A4B417B9F50D007B6B30 /* Photo.m */ = {isa = PBXFileReference; fileEncoding = 4; lastKnownFileType = sourcecode.c.objc; path = Photo.m; sourceTree = "<group>"; };
		CFF4A4B617B9F55F007B6B30 /* Photo+Flickr.h */ = {isa = PBXFileReference; fileEncoding = 4; lastKnownFileType = sourcecode.c.h; path = "Photo+Flickr.h"; sourceTree = "<group>"; };
		CFF4A4B717B9F55F007B6B30 /* Photo+Flickr.m */ = {isa = PBXFileReference; fileEncoding = 4; lastKnownFileType = sourcecode.c.objc; path = "Photo+Flickr.m"; sourceTree = "<group>"; };
		CFF4A4B817B9F55F007B6B30 /* Photographer+Create.h */ = {isa = PBXFileReference; fileEncoding = 4; lastKnownFileType = sourcecode.c.h; path = "Photographer+Create.h"; sourceTree = "<group>"; };
		CFF4A4B917B9F560007B6B30 /* Photographer+Create.m */ = {isa = PBXFileReference; fileEncoding = 4; lastKnownFileType = sourcecode.c.objc; path = "Photographer+Create.m"; sourceTree = "<group>"; };
		CFF4A4BC17B9F5F6007B6B30 /* PhotographerCDTVC.h */ = {isa = PBXFileReference; fileEncoding = 4; lastKnownFileType = sourcecode.c.h; path = PhotographerCDTVC.h; sourceTree = "<group>"; };
		CFF4A4BD17B9F5F6007B6B30 /* PhotographerCDTVC.m */ = {isa = PBXFileReference; fileEncoding = 4; lastKnownFileType = sourcecode.c.objc; path = PhotographerCDTVC.m; sourceTree = "<group>"; };
		CFF4A4BF17B9F676007B6B30 /* CoreData.framework */ = {isa = PBXFileReference; lastKnownFileType = wrapper.framework; name = CoreData.framework; path = System/Library/Frameworks/CoreData.framework; sourceTree = SDKROOT; };
		CFF4A4C117BA098B007B6B30 /* PhotosCDTVC.h */ = {isa = PBXFileReference; fileEncoding = 4; lastKnownFileType = sourcecode.c.h; path = PhotosCDTVC.h; sourceTree = "<group>"; };
		CFF4A4C217BA098B007B6B30 /* PhotosCDTVC.m */ = {isa = PBXFileReference; fileEncoding = 4; lastKnownFileType = sourcecode.c.objc; path = PhotosCDTVC.m; sourceTree = "<group>"; };
/* End PBXFileReference section */

/* Begin PBXFrameworksBuildPhase section */
		CFF4A47117B9F007007B6B30 /* Frameworks */ = {
			isa = PBXFrameworksBuildPhase;
			buildActionMask = 2147483647;
			files = (
				CFF4A4C017B9F676007B6B30 /* CoreData.framework in Frameworks */,
				CFF4A47817B9F007007B6B30 /* UIKit.framework in Frameworks */,
				CFF4A47A17B9F007007B6B30 /* Foundation.framework in Frameworks */,
				CFF4A47C17B9F007007B6B30 /* CoreGraphics.framework in Frameworks */,
			);
			runOnlyForDeploymentPostprocessing = 0;
		};
/* End PBXFrameworksBuildPhase section */

/* Begin PBXGroup section */
		CFF4A46B17B9F007007B6B30 = {
			isa = PBXGroup;
			children = (
				CFF4A47D17B9F007007B6B30 /* CoreFlickr */,
				CFF4A47617B9F007007B6B30 /* Frameworks */,
				CFF4A47517B9F007007B6B30 /* Products */,
			);
			sourceTree = "<group>";
		};
		CFF4A47517B9F007007B6B30 /* Products */ = {
			isa = PBXGroup;
			children = (
				CFF4A47417B9F007007B6B30 /* CoreFlickr.app */,
			);
			name = Products;
			sourceTree = "<group>";
		};
		CFF4A47617B9F007007B6B30 /* Frameworks */ = {
			isa = PBXGroup;
			children = (
				CFF4A4BF17B9F676007B6B30 /* CoreData.framework */,
				CFF4A47717B9F007007B6B30 /* UIKit.framework */,
				CFF4A47917B9F007007B6B30 /* Foundation.framework */,
				CFF4A47B17B9F007007B6B30 /* CoreGraphics.framework */,
			);
			name = Frameworks;
			sourceTree = "<group>";
		};
		CFF4A47D17B9F007007B6B30 /* CoreFlickr */ = {
			isa = PBXGroup;
			children = (
				CFF4A4A317B9F32C007B6B30 /* Core Data */,
				CFF4A49D17B9F1EC007B6B30 /* FlickrFetcher */,
				CFF4A48617B9F007007B6B30 /* PDCAppDelegate.h */,
				CFF4A48717B9F007007B6B30 /* PDCAppDelegate.m */,
				CFF4A48F17B9F007007B6B30 /* MainStoryboard.storyboard */,
				CFF4A4BC17B9F5F6007B6B30 /* PhotographerCDTVC.h */,
				CFF4A4BD17B9F5F6007B6B30 /* PhotographerCDTVC.m */,
				CFF4A4C117BA098B007B6B30 /* PhotosCDTVC.h */,
				CFF4A4C217BA098B007B6B30 /* PhotosCDTVC.m */,
				CFF4A49A17B9F1B8007B6B30 /* CoreDataTableViewController.h */,
				CFF4A49B17B9F1B8007B6B30 /* CoreDataTableViewController.m */,
				CFF4A47E17B9F007007B6B30 /* Supporting Files */,
			);
			path = CoreFlickr;
			sourceTree = "<group>";
		};
		CFF4A47E17B9F007007B6B30 /* Supporting Files */ = {
			isa = PBXGroup;
			children = (
				CFF4A47F17B9F007007B6B30 /* CoreFlickr-Info.plist */,
				CFF4A48017B9F007007B6B30 /* InfoPlist.strings */,
				CFF4A48317B9F007007B6B30 /* main.m */,
				CFF4A48517B9F007007B6B30 /* CoreFlickr-Prefix.pch */,
				CFF4A48917B9F007007B6B30 /* Default.png */,
				CFF4A48B17B9F007007B6B30 /* Default@2x.png */,
				CFF4A48D17B9F007007B6B30 /* Default-568h@2x.png */,
			);
			name = "Supporting Files";
			sourceTree = "<group>";
		};
		CFF4A49D17B9F1EC007B6B30 /* FlickrFetcher */ = {
			isa = PBXGroup;
			children = (
				CFF4A49E17B9F205007B6B30 /* FlickrAPIKey_copyme_after_entering_key.h */,
				CFF4A49F17B9F205007B6B30 /* FlickrAPIKey.h */,
				CFF4A4A017B9F205007B6B30 /* FlickrFetcher.h */,
				CFF4A4A117B9F205007B6B30 /* FlickrFetcher.m */,
			);
			name = FlickrFetcher;
			sourceTree = "<group>";
		};
		CFF4A4A317B9F32C007B6B30 /* Core Data */ = {
			isa = PBXGroup;
			children = (
				CFF4A4B317B9F50D007B6B30 /* Photo.h */,
				CFF4A4B417B9F50D007B6B30 /* Photo.m */,
				CFF4A4B617B9F55F007B6B30 /* Photo+Flickr.h */,
				CFF4A4B717B9F55F007B6B30 /* Photo+Flickr.m */,
				CFF4A4B017B9F50C007B6B30 /* Photographer.h */,
				CFF4A4B117B9F50C007B6B30 /* Photographer.m */,
				CFF4A4B817B9F55F007B6B30 /* Photographer+Create.h */,
				CFF4A4B917B9F560007B6B30 /* Photographer+Create.m */,
				CFF4A4A417B9F352007B6B30 /* CoreFlickr.xcdatamodeld */,
			);
			name = "Core Data";
			sourceTree = "<group>";
		};
/* End PBXGroup section */

/* Begin PBXNativeTarget section */
		CFF4A47317B9F007007B6B30 /* CoreFlickr */ = {
			isa = PBXNativeTarget;
			buildConfigurationList = CFF4A49717B9F007007B6B30 /* Build configuration list for PBXNativeTarget "CoreFlickr" */;
			buildPhases = (
				CFF4A47017B9F007007B6B30 /* Sources */,
				CFF4A47117B9F007007B6B30 /* Frameworks */,
				CFF4A47217B9F007007B6B30 /* Resources */,
			);
			buildRules = (
			);
			dependencies = (
			);
			name = CoreFlickr;
			productName = CoreFlickr;
			productReference = CFF4A47417B9F007007B6B30 /* CoreFlickr.app */;
			productType = "com.apple.product-type.application";
		};
/* End PBXNativeTarget section */

/* Begin PBXProject section */
		CFF4A46C17B9F007007B6B30 /* Project object */ = {
			isa = PBXProject;
			attributes = {
				CLASSPREFIX = PDC;
				LastUpgradeCheck = 0460;
				ORGANIZATIONNAME = "Pas de Chocolat, LLC";
			};
			buildConfigurationList = CFF4A46F17B9F007007B6B30 /* Build configuration list for PBXProject "CoreFlickr" */;
			compatibilityVersion = "Xcode 3.2";
			developmentRegion = English;
			hasScannedForEncodings = 0;
			knownRegions = (
				en,
			);
			mainGroup = CFF4A46B17B9F007007B6B30;
			productRefGroup = CFF4A47517B9F007007B6B30 /* Products */;
			projectDirPath = "";
			projectRoot = "";
			targets = (
				CFF4A47317B9F007007B6B30 /* CoreFlickr */,
			);
		};
/* End PBXProject section */

/* Begin PBXResourcesBuildPhase section */
		CFF4A47217B9F007007B6B30 /* Resources */ = {
			isa = PBXResourcesBuildPhase;
			buildActionMask = 2147483647;
			files = (
				CFF4A48217B9F007007B6B30 /* InfoPlist.strings in Resources */,
				CFF4A48A17B9F007007B6B30 /* Default.png in Resources */,
				CFF4A48C17B9F007007B6B30 /* Default@2x.png in Resources */,
				CFF4A48E17B9F007007B6B30 /* Default-568h@2x.png in Resources */,
				CFF4A49117B9F007007B6B30 /* MainStoryboard.storyboard in Resources */,
			);
			runOnlyForDeploymentPostprocessing = 0;
		};
/* End PBXResourcesBuildPhase section */

/* Begin PBXSourcesBuildPhase section */
		CFF4A47017B9F007007B6B30 /* Sources */ = {
			isa = PBXSourcesBuildPhase;
			buildActionMask = 2147483647;
			files = (
				CFF4A48417B9F007007B6B30 /* main.m in Sources */,
				CFF4A48817B9F007007B6B30 /* PDCAppDelegate.m in Sources */,
				CFF4A49C17B9F1B8007B6B30 /* CoreDataTableViewController.m in Sources */,
				CFF4A4A217B9F205007B6B30 /* FlickrFetcher.m in Sources */,
				CFF4A4A617B9F352007B6B30 /* CoreFlickr.xcdatamodeld in Sources */,
				CFF4A4B217B9F50C007B6B30 /* Photographer.m in Sources */,
				CFF4A4B517B9F50D007B6B30 /* Photo.m in Sources */,
				CFF4A4BA17B9F560007B6B30 /* Photo+Flickr.m in Sources */,
				CFF4A4BB17B9F560007B6B30 /* Photographer+Create.m in Sources */,
				CFF4A4BE17B9F5F6007B6B30 /* PhotographerCDTVC.m in Sources */,
				CFF4A4C317BA098B007B6B30 /* PhotosCDTVC.m in Sources */,
			);
			runOnlyForDeploymentPostprocessing = 0;
		};
/* End PBXSourcesBuildPhase section */

/* Begin PBXVariantGroup section */
		CFF4A48017B9F007007B6B30 /* InfoPlist.strings */ = {
			isa = PBXVariantGroup;
			children = (
				CFF4A48117B9F007007B6B30 /* en */,
			);
			name = InfoPlist.strings;
			sourceTree = "<group>";
		};
		CFF4A48F17B9F007007B6B30 /* MainStoryboard.storyboard */ = {
			isa = PBXVariantGroup;
			children = (
				CFF4A49017B9F007007B6B30 /* en */,
			);
			name = MainStoryboard.storyboard;
			sourceTree = "<group>";
		};
/* End PBXVariantGroup section */

/* Begin XCBuildConfiguration section */
		CFF4A49517B9F007007B6B30 /* Debug */ = {
			isa = XCBuildConfiguration;
			buildSettings = {
				ALWAYS_SEARCH_USER_PATHS = NO;
				CLANG_CXX_LANGUAGE_STANDARD = "gnu++0x";
				CLANG_CXX_LIBRARY = "libc++";
				CLANG_ENABLE_OBJC_ARC = YES;
				CLANG_WARN_CONSTANT_CONVERSION = YES;
				CLANG_WARN_EMPTY_BODY = YES;
				CLANG_WARN_ENUM_CONVERSION = YES;
				CLANG_WARN_INT_CONVERSION = YES;
				CLANG_WARN__DUPLICATE_METHOD_MATCH = YES;
				"CODE_SIGN_IDENTITY[sdk=iphoneos*]" = "iPhone Developer";
				COPY_PHASE_STRIP = NO;
				GCC_C_LANGUAGE_STANDARD = gnu99;
				GCC_DYNAMIC_NO_PIC = NO;
				GCC_OPTIMIZATION_LEVEL = 0;
				GCC_PREPROCESSOR_DEFINITIONS = (
					"DEBUG=1",
					"$(inherited)",
				);
				GCC_SYMBOLS_PRIVATE_EXTERN = NO;
				GCC_WARN_ABOUT_RETURN_TYPE = YES;
				GCC_WARN_UNINITIALIZED_AUTOS = YES;
				GCC_WARN_UNUSED_VARIABLE = YES;
				IPHONEOS_DEPLOYMENT_TARGET = 6.1;
				ONLY_ACTIVE_ARCH = YES;
				SDKROOT = iphoneos;
			};
			name = Debug;
		};
		CFF4A49617B9F007007B6B30 /* Release */ = {
			isa = XCBuildConfiguration;
			buildSettings = {
				ALWAYS_SEARCH_USER_PATHS = NO;
				CLANG_CXX_LANGUAGE_STANDARD = "gnu++0x";
				CLANG_CXX_LIBRARY = "libc++";
				CLANG_ENABLE_OBJC_ARC = YES;
				CLANG_WARN_CONSTANT_CONVERSION = YES;
				CLANG_WARN_EMPTY_BODY = YES;
				CLANG_WARN_ENUM_CONVERSION = YES;
				CLANG_WARN_INT_CONVERSION = YES;
				CLANG_WARN__DUPLICATE_METHOD_MATCH = YES;
				"CODE_SIGN_IDENTITY[sdk=iphoneos*]" = "iPhone Developer";
				COPY_PHASE_STRIP = YES;
				GCC_C_LANGUAGE_STANDARD = gnu99;
				GCC_WARN_ABOUT_RETURN_TYPE = YES;
				GCC_WARN_UNINITIALIZED_AUTOS = YES;
				GCC_WARN_UNUSED_VARIABLE = YES;
				IPHONEOS_DEPLOYMENT_TARGET = 6.1;
				OTHER_CFLAGS = "-DNS_BLOCK_ASSERTIONS=1";
				SDKROOT = iphoneos;
				VALIDATE_PRODUCT = YES;
			};
			name = Release;
		};
		CFF4A49817B9F007007B6B30 /* Debug */ = {
			isa = XCBuildConfiguration;
			buildSettings = {
				GCC_PRECOMPILE_PREFIX_HEADER = YES;
				GCC_PREFIX_HEADER = "CoreFlickr/CoreFlickr-Prefix.pch";
				INFOPLIST_FILE = "CoreFlickr/CoreFlickr-Info.plist";
				PRODUCT_NAME = "$(TARGET_NAME)";
				WRAPPER_EXTENSION = app;
			};
			name = Debug;
		};
		CFF4A49917B9F007007B6B30 /* Release */ = {
			isa = XCBuildConfiguration;
			buildSettings = {
				GCC_PRECOMPILE_PREFIX_HEADER = YES;
				GCC_PREFIX_HEADER = "CoreFlickr/CoreFlickr-Prefix.pch";
				INFOPLIST_FILE = "CoreFlickr/CoreFlickr-Info.plist";
				PRODUCT_NAME = "$(TARGET_NAME)";
				WRAPPER_EXTENSION = app;
			};
			name = Release;
		};
/* End XCBuildConfiguration section */

/* Begin XCConfigurationList section */
		CFF4A46F17B9F007007B6B30 /* Build configuration list for PBXProject "CoreFlickr" */ = {
			isa = XCConfigurationList;
			buildConfigurations = (
				CFF4A49517B9F007007B6B30 /* Debug */,
				CFF4A49617B9F007007B6B30 /* Release */,
			);
			defaultConfigurationIsVisible = 0;
			defaultConfigurationName = Release;
		};
		CFF4A49717B9F007007B6B30 /* Build configuration list for PBXNativeTarget "CoreFlickr" */ = {
			isa = XCConfigurationList;
			buildConfigurations = (
				CFF4A49817B9F007007B6B30 /* Debug */,
				CFF4A49917B9F007007B6B30 /* Release */,
			);
			defaultConfigurationIsVisible = 0;
		};
/* End XCConfigurationList section */

/* Begin XCVersionGroup section */
		CFF4A4A417B9F352007B6B30 /* CoreFlickr.xcdatamodeld */ = {
			isa = XCVersionGroup;
			children = (
				CFF4A4A517B9F352007B6B30 /* CoreFlickr.xcdatamodel */,
			);
			currentVersion = CFF4A4A517B9F352007B6B30 /* CoreFlickr.xcdatamodel */;
			path = CoreFlickr.xcdatamodeld;
			sourceTree = "<group>";
			versionGroupType = wrapper.xcdatamodel;
		};
/* End XCVersionGroup section */
	};
	rootObject = CFF4A46C17B9F007007B6B30 /* Project object */;
}
